{
  "requires": true,
  "lockfileVersion": 1,
  "dependencies": {
    "less-loader": {
      "version": "12.2.0",
      "resolved": "https://registry.npmjs.org/less-loader/-/less-loader-12.2.0.tgz",
      "integrity": "sha512-MYUxjSQSBUQmowc0l5nPieOYwMzGPUaTzB6inNW/bdPEG9zOL3eAAD1Qw5ZxSPk7we5dMojHwNODYMV1hq4EVg=="
    }
  }
}
